
Microsoft Visual Studio Solution File, Format Version 12.00
# Visual Studio 15
VisualStudioVersion = 15.0.28306.52
MinimumVisualStudioVersion = 10.0.40219.1
Project("{FAE04EC0-301F-11D3-BF4B-00C04F79EFBC}") = "app1", "app1\app1.csproj", "{4BFC436F-BC40-4050-998A-D832F625ACFC}"
EndProject
Global
	GlobalSection(SolutionConfigurationPlatforms) = preSolution
		Debug|Any CPU = Debug|Any CPU
		Release|Any CPU = Release|Any CPU
	EndGlobalSection
	GlobalSection(ProjectConfigurationPlatforms) = postSolution
		{4BFC436F-BC40-4050-998A-D832F625ACFC}.Debug|Any CPU.ActiveCfg = Debug|Any CPU
		{4BFC436F-BC40-4050-998A-D832F625ACFC}.Debug|Any CPU.Build.0 = Debug|Any CPU
		{4BFC436F-BC40-4050-998A-D832F625ACFC}.Release|Any CPU.ActiveCfg = Release|Any CPU
		{4BFC436F-BC40-4050-998A-D832F625ACFC}.Release|Any CPU.Build.0 = Release|Any CPU
	EndGlobalSection
	GlobalSection(SolutionProperties) = preSolution
		HideSolutionNode = FALSE
	EndGlobalSection
	GlobalSection(ExtensibilityGlobals) = postSolution
		SolutionGuid = {59DDF42A-D6D6-479D-93DB-E3CB010E71E8}
	EndGlobalSection
EndGlobal
